
Microsoft Visual Studio Solution File, Format Version 12.00
# Visual Studio Version 17
VisualStudioVersion = 17.5.002.0
MinimumVisualStudioVersion = 10.0.40219.1
Project("{9A19103F-16F7-4668-BE54-9A1E7A4F7556}") = "DesafioProjetoHospedagem", "DesafioProjetoHospedagem.csproj", "{31CAB9FE-0B75-40DB-8D4D-E18D8D71B427}"
EndProject
Global
	GlobalSection(SolutionConfigurationPlatforms) = preSolution
		Debug|Any CPU = Debug|Any CPU
		Release|Any CPU = Release|Any CPU
	EndGlobalSection
	GlobalSection(ProjectConfigurationPlatforms) = postSolution
		{31CAB9FE-0B75-40DB-8D4D-E18D8D71B427}.Debug|Any CPU.ActiveCfg = Debug|Any CPU
		{31CAB9FE-0B75-40DB-8D4D-E18D8D71B427}.Debug|Any CPU.Build.0 = Debug|Any CPU
		{31CAB9FE-0B75-40DB-8D4D-E18D8D71B427}.Release|Any CPU.ActiveCfg = Release|Any CPU
		{31CAB9FE-0B75-40DB-8D4D-E18D8D71B427}.Release|Any CPU.Build.0 = Release|Any CPU
	EndGlobalSection
	GlobalSection(SolutionProperties) = preSolution
		HideSolutionNode = FALSE
	EndGlobalSection
	GlobalSection(ExtensibilityGlobals) = postSolution
		SolutionGuid = {F9C98798-08AE-43A6-81B9-285E41180A1D}
	EndGlobalSection
EndGlobal
